<?xml version="1.0" encoding="utf-8"?>
<Project ToolsVersion="4.0" xmlns="http://schemas.microsoft.com/developer/msbuild/2003">
  <ItemGroup>
    <Filter Include="Source Files">
      <UniqueIdentifier>{4FC737F1-C7A5-4376-A066-2A32D752A2FF}</UniqueIdentifier>
      <Extensions>cpp;c;cc;cxx;def;odl;idl;hpj;bat;asm;asmx</Extensions>
    </Filter>
    <Filter Include="Header Files">
      <UniqueIdentifier>{93995380-89BD-4b04-88EB-625FBE52EBFB}</UniqueIdentifier>
      <Extensions>h;hh;hpp;hxx;hm;inl;inc;xsd</Extensions>
    </Filter>
    <Filter Include="Resource Files">
      <UniqueIdentifier>{67DA6AB6-F800-4c08-8B7A-83BB121AAD01}</UniqueIdentifier>
      <Extensions>rc;ico;cur;bmp;dlg;rc2;rct;bin;rgs;gif;jpg;jpeg;jpe;resx;tiff;tif;png;wav;mfcribbon-ms</Extensions>
    </Filter>
    <Filter Include="Header Files\game">
      <UniqueIdentifier>{41ca5468-503d-4dc0-afd6-003d2dd4864e}</UniqueIdentifier>
    </Filter>
    <Filter Include="Header Files\utils">
      <UniqueIdentifier>{6e7a35f1-4792-4c21-8673-d38bf104836f}</UniqueIdentifier>
    </Filter>
    <Filter Include="Source Files\utils">
      <UniqueIdentifier>{c0e91c79-127f-420c-8ec2-a38c1e65f46d}</UniqueIdentifier>
    </Filter>
    <Filter Include="Source Files\game">
      <UniqueIdentifier>{6d14a4c4-2cc3-4fae-9528-f0a75afeab6e}</UniqueIdentifier>
    </Filter>
  </ItemGroup>
  <ItemGroup>
    <ClInclude Include="stdafx.h">
      <Filter>Header Files</Filter>
    </ClInclude>
    <ClInclude Include="game\cell.h">
      <Filter>Header Files\game</Filter>
    </ClInclude>
    <ClInclude Include="game\mapping.h">
      <Filter>Header Files\game</Filter>
    </ClInclude>
    <ClInclude Include="game\player.h">
      <Filter>Header Files\game</Filter>
    </ClInclude>
    <ClInclude Include="game\symbols.h">
      <Filter>Header Files\game</Filter>
    </ClInclude>
    <ClInclude Include="game\tictactoe.h">
      <Filter>Header Files\game</Filter>
    </ClInclude>
    <ClInclude Include="utils\utils.h">
      <Filter>Header Files\utils</Filter>
    </ClInclude>
    <ClInclude Include="utils\point.h">
      <Filter>Header Files\utils</Filter>
    </ClInclude>
    <ClInclude Include="utils\console_abstract.h">
      <Filter>Header Files\utils</Filter>
    </ClInclude>
    <ClInclude Include="utils\console_windows.h">
      <Filter>Header Files\utils</Filter>
    </ClInclude>
    <ClInclude Include="utils\console.h">
      <Filter>Header Files\utils</Filter>
    </ClInclude>
  </ItemGroup>
  <ItemGroup>
    <ClCompile Include="stdafx.cpp">
      <Filter>Source Files</Filter>
    </ClCompile>
    <ClCompile Include="game\mapping.cpp">
      <Filter>Source Files\game</Filter>
    </ClCompile>
    <ClCompile Include="game\tictactoe.cpp">
      <Filter>Source Files\game</Filter>
    </ClCompile>
    <ClCompile Include="main.cpp">
      <Filter>Source Files</Filter>
    </ClCompile>
    <ClCompile Include="utils\console_windows.cpp">
      <Filter>Source Files\utils</Filter>
    </ClCompile>
    <ClCompile Include="utils\console.cpp">
      <Filter>Source Files\utils</Filter>
    </ClCompile>
  </ItemGroup>
</Project>